// !$*UTF8*$!
{
	archiveVersion = 1;
	classes = {
	};
	objectVersion = 56;
	objects = {

/* Begin PBXBuildFile section */
		22F5A610293D176900386E1E /* AppDelegate.swift in Sources */ = {isa = PBXBuildFile; fileRef = 22F5A60F293D176900386E1E /* AppDelegate.swift */; };
		22F5A612293D176900386E1E /* SceneDelegate.swift in Sources */ = {isa = PBXBuildFile; fileRef = 22F5A611293D176900386E1E /* SceneDelegate.swift */; };
		22F5A614293D176900386E1E /* ViewController.swift in Sources */ = {isa = PBXBuildFile; fileRef = 22F5A613293D176900386E1E /* ViewController.swift */; };
		22F5A617293D176900386E1E /* Main.storyboard in Resources */ = {isa = PBXBuildFile; fileRef = 22F5A615293D176900386E1E /* Main.storyboard */; };
		22F5A619293D176B00386E1E /* Assets.xcassets in Resources */ = {isa = PBXBuildFile; fileRef = 22F5A618293D176B00386E1E /* Assets.xcassets */; };
		22F5A61C293D176B00386E1E /* LaunchScreen.storyboard in Resources */ = {isa = PBXBuildFile; fileRef = 22F5A61A293D176B00386E1E /* LaunchScreen.storyboard */; };
		22F5A627293D176B00386E1E /* TestsFundamentalsTests.swift in Sources */ = {isa = PBXBuildFile; fileRef = 22F5A626293D176B00386E1E /* TestsFundamentalsTests.swift */; };
		22F5A631293D176B00386E1E /* TestsFundamentalsUITests.swift in Sources */ = {isa = PBXBuildFile; fileRef = 22F5A630293D176B00386E1E /* TestsFundamentalsUITests.swift */; };
		22F5A633293D176B00386E1E /* TestsFundamentalsUITestsLaunchTests.swift in Sources */ = {isa = PBXBuildFile; fileRef = 22F5A632293D176B00386E1E /* TestsFundamentalsUITestsLaunchTests.swift */; };
		22F5A640293D17A600386E1E /* Calculator.swift in Sources */ = {isa = PBXBuildFile; fileRef = 22F5A63F293D17A600386E1E /* Calculator.swift */; };
/* End PBXBuildFile section */

/* Begin PBXContainerItemProxy section */
		22F5A623293D176B00386E1E /* PBXContainerItemProxy */ = {
			isa = PBXContainerItemProxy;
			containerPortal = 22F5A604293D176900386E1E /* Project object */;
			proxyType = 1;
			remoteGlobalIDString = 22F5A60B293D176900386E1E;
			remoteInfo = TestsFundamentals;
		};
		22F5A62D293D176B00386E1E /* PBXContainerItemProxy */ = {
			isa = PBXContainerItemProxy;
			containerPortal = 22F5A604293D176900386E1E /* Project object */;
			proxyType = 1;
			remoteGlobalIDString = 22F5A60B293D176900386E1E;
			remoteInfo = TestsFundamentals;
		};
/* End PBXContainerItemProxy section */

/* Begin PBXFileReference section */
		22F5A60C293D176900386E1E /* TestsFundamentals.app */ = {isa = PBXFileReference; explicitFileType = wrapper.application; includeInIndex = 0; path = TestsFundamentals.app; sourceTree = BUILT_PRODUCTS_DIR; };
		22F5A60F293D176900386E1E /* AppDelegate.swift */ = {isa = PBXFileReference; lastKnownFileType = sourcecode.swift; path = AppDelegate.swift; sourceTree = "<group>"; };
		22F5A611293D176900386E1E /* SceneDelegate.swift */ = {isa = PBXFileReference; lastKnownFileType = sourcecode.swift; path = SceneDelegate.swift; sourceTree = "<group>"; };
		22F5A613293D176900386E1E /* ViewController.swift */ = {isa = PBXFileReference; lastKnownFileType = sourcecode.swift; path = ViewController.swift; sourceTree = "<group>"; };
		22F5A616293D176900386E1E /* Base */ = {isa = PBXFileReference; lastKnownFileType = file.storyboard; name = Base; path = Base.lproj/Main.storyboard; sourceTree = "<group>"; };
		22F5A618293D176B00386E1E /* Assets.xcassets */ = {isa = PBXFileReference; lastKnownFileType = folder.assetcatalog; path = Assets.xcassets; sourceTree = "<group>"; };
		22F5A61B293D176B00386E1E /* Base */ = {isa = PBXFileReference; lastKnownFileType = file.storyboard; name = Base; path = Base.lproj/LaunchScreen.storyboard; sourceTree = "<group>"; };
		22F5A61D293D176B00386E1E /* Info.plist */ = {isa = PBXFileReference; lastKnownFileType = text.plist.xml; path = Info.plist; sourceTree = "<group>"; };
		22F5A622293D176B00386E1E /* TestsFundamentalsTests.xctest */ = {isa = PBXFileReference; explicitFileType = wrapper.cfbundle; includeInIndex = 0; path = TestsFundamentalsTests.xctest; sourceTree = BUILT_PRODUCTS_DIR; };
		22F5A626293D176B00386E1E /* TestsFundamentalsTests.swift */ = {isa = PBXFileReference; lastKnownFileType = sourcecode.swift; path = TestsFundamentalsTests.swift; sourceTree = "<group>"; };
		22F5A62C293D176B00386E1E /* TestsFundamentalsUITests.xctest */ = {isa = PBXFileReference; explicitFileType = wrapper.cfbundle; includeInIndex = 0; path = TestsFundamentalsUITests.xctest; sourceTree = BUILT_PRODUCTS_DIR; };
		22F5A630293D176B00386E1E /* TestsFundamentalsUITests.swift */ = {isa = PBXFileReference; lastKnownFileType = sourcecode.swift; path = TestsFundamentalsUITests.swift; sourceTree = "<group>"; };
		22F5A632293D176B00386E1E /* TestsFundamentalsUITestsLaunchTests.swift */ = {isa = PBXFileReference; lastKnownFileType = sourcecode.swift; path = TestsFundamentalsUITestsLaunchTests.swift; sourceTree = "<group>"; };
		22F5A63F293D17A600386E1E /* Calculator.swift */ = {isa = PBXFileReference; lastKnownFileType = sourcecode.swift; path = Calculator.swift; sourceTree = "<group>"; };
/* End PBXFileReference section */

/* Begin PBXFrameworksBuildPhase section */
		22F5A609293D176900386E1E /* Frameworks */ = {
			isa = PBXFrameworksBuildPhase;
			buildActionMask = 2147483647;
			files = (
			);
			runOnlyForDeploymentPostprocessing = 0;
		};
		22F5A61F293D176B00386E1E /* Frameworks */ = {
			isa = PBXFrameworksBuildPhase;
			buildActionMask = 2147483647;
			files = (
			);
			runOnlyForDeploymentPostprocessing = 0;
		};
		22F5A629293D176B00386E1E /* Frameworks */ = {
			isa = PBXFrameworksBuildPhase;
			buildActionMask = 2147483647;
			files = (
			);
			runOnlyForDeploymentPostprocessing = 0;
		};
/* End PBXFrameworksBuildPhase section */

/* Begin PBXGroup section */
		22F5A603293D176900386E1E = {
			isa = PBXGroup;
			children = (
				22F5A60E293D176900386E1E /* TestsFundamentals */,
				22F5A625293D176B00386E1E /* TestsFundamentalsTests */,
				22F5A62F293D176B00386E1E /* TestsFundamentalsUITests */,
				22F5A60D293D176900386E1E /* Products */,
			);
			sourceTree = "<group>";
		};
		22F5A60D293D176900386E1E /* Products */ = {
			isa = PBXGroup;
			children = (
				22F5A60C293D176900386E1E /* TestsFundamentals.app */,
				22F5A622293D176B00386E1E /* TestsFundamentalsTests.xctest */,
				22F5A62C293D176B00386E1E /* TestsFundamentalsUITests.xctest */,
			);
			name = Products;
			sourceTree = "<group>";
		};
		22F5A60E293D176900386E1E /* TestsFundamentals */ = {
			isa = PBXGroup;
			children = (
				22F5A60F293D176900386E1E /* AppDelegate.swift */,
				22F5A611293D176900386E1E /* SceneDelegate.swift */,
				22F5A613293D176900386E1E /* ViewController.swift */,
				22F5A615293D176900386E1E /* Main.storyboard */,
				22F5A618293D176B00386E1E /* Assets.xcassets */,
				22F5A61A293D176B00386E1E /* LaunchScreen.storyboard */,
				22F5A61D293D176B00386E1E /* Info.plist */,
				22F5A63F293D17A600386E1E /* Calculator.swift */,
			);
			path = TestsFundamentals;
			sourceTree = "<group>";
		};
		22F5A625293D176B00386E1E /* TestsFundamentalsTests */ = {
			isa = PBXGroup;
			children = (
				22F5A626293D176B00386E1E /* TestsFundamentalsTests.swift */,
			);
			path = TestsFundamentalsTests;
			sourceTree = "<group>";
		};
		22F5A62F293D176B00386E1E /* TestsFundamentalsUITests */ = {
			isa = PBXGroup;
			children = (
				22F5A630293D176B00386E1E /* TestsFundamentalsUITests.swift */,
				22F5A632293D176B00386E1E /* TestsFundamentalsUITestsLaunchTests.swift */,
			);
			path = TestsFundamentalsUITests;
			sourceTree = "<group>";
		};
/* End PBXGroup section */

/* Begin PBXNativeTarget section */
		22F5A60B293D176900386E1E /* TestsFundamentals */ = {
			isa = PBXNativeTarget;
			buildConfigurationList = 22F5A636293D176B00386E1E /* Build configuration list for PBXNativeTarget "TestsFundamentals" */;
			buildPhases = (
				22F5A608293D176900386E1E /* Sources */,
				22F5A609293D176900386E1E /* Frameworks */,
				22F5A60A293D176900386E1E /* Resources */,
			);
			buildRules = (
			);
			dependencies = (
			);
			name = TestsFundamentals;
			productName = TestsFundamentals;
			productReference = 22F5A60C293D176900386E1E /* TestsFundamentals.app */;
			productType = "com.apple.product-type.application";
		};
		22F5A621293D176B00386E1E /* TestsFundamentalsTests */ = {
			isa = PBXNativeTarget;
			buildConfigurationList = 22F5A639293D176B00386E1E /* Build configuration list for PBXNativeTarget "TestsFundamentalsTests" */;
			buildPhases = (
				22F5A61E293D176B00386E1E /* Sources */,
				22F5A61F293D176B00386E1E /* Frameworks */,
				22F5A620293D176B00386E1E /* Resources */,
			);
			buildRules = (
			);
			dependencies = (
				22F5A624293D176B00386E1E /* PBXTargetDependency */,
			);
			name = TestsFundamentalsTests;
			productName = TestsFundamentalsTests;
			productReference = 22F5A622293D176B00386E1E /* TestsFundamentalsTests.xctest */;
			productType = "com.apple.product-type.bundle.unit-test";
		};
		22F5A62B293D176B00386E1E /* TestsFundamentalsUITests */ = {
			isa = PBXNativeTarget;
			buildConfigurationList = 22F5A63C293D176B00386E1E /* Build configuration list for PBXNativeTarget "TestsFundamentalsUITests" */;
			buildPhases = (
				22F5A628293D176B00386E1E /* Sources */,
				22F5A629293D176B00386E1E /* Frameworks */,
				22F5A62A293D176B00386E1E /* Resources */,
			);
			buildRules = (
			);
			dependencies = (
				22F5A62E293D176B00386E1E /* PBXTargetDependency */,
			);
			name = TestsFundamentalsUITests;
			productName = TestsFundamentalsUITests;
			productReference = 22F5A62C293D176B00386E1E /* TestsFundamentalsUITests.xctest */;
			productType = "com.apple.product-type.bundle.ui-testing";
		};
/* End PBXNativeTarget section */

/* Begin PBXProject section */
		22F5A604293D176900386E1E /* Project object */ = {
			isa = PBXProject;
			attributes = {
				BuildIndependentTargetsInParallel = 1;
				LastSwiftUpdateCheck = 1410;
				LastUpgradeCheck = 1410;
				TargetAttributes = {
					22F5A60B293D176900386E1E = {
						CreatedOnToolsVersion = 14.1;
					};
					22F5A621293D176B00386E1E = {
						CreatedOnToolsVersion = 14.1;
						TestTargetID = 22F5A60B293D176900386E1E;
					};
					22F5A62B293D176B00386E1E = {
						CreatedOnToolsVersion = 14.1;
						TestTargetID = 22F5A60B293D176900386E1E;
					};
				};
			};
			buildConfigurationList = 22F5A607293D176900386E1E /* Build configuration list for PBXProject "TestsFundamentals" */;
			compatibilityVersion = "Xcode 14.0";
			developmentRegion = en;
			hasScannedForEncodings = 0;
			knownRegions = (
				en,
				Base,
			);
			mainGroup = 22F5A603293D176900386E1E;
			productRefGroup = 22F5A60D293D176900386E1E /* Products */;
			projectDirPath = "";
			projectRoot = "";
			targets = (
				22F5A60B293D176900386E1E /* TestsFundamentals */,
				22F5A621293D176B00386E1E /* TestsFundamentalsTests */,
				22F5A62B293D176B00386E1E /* TestsFundamentalsUITests */,
			);
		};
/* End PBXProject section */

/* Begin PBXResourcesBuildPhase section */
		22F5A60A293D176900386E1E /* Resources */ = {
			isa = PBXResourcesBuildPhase;
			buildActionMask = 2147483647;
			files = (
				22F5A61C293D176B00386E1E /* LaunchScreen.storyboard in Resources */,
				22F5A619293D176B00386E1E /* Assets.xcassets in Resources */,
				22F5A617293D176900386E1E /* Main.storyboard in Resources */,
			);
			runOnlyForDeploymentPostprocessing = 0;
		};
		22F5A620293D176B00386E1E /* Resources */ = {
			isa = PBXResourcesBuildPhase;
			buildActionMask = 2147483647;
			files = (
			);
			runOnlyForDeploymentPostprocessing = 0;
		};
		22F5A62A293D176B00386E1E /* Resources */ = {
			isa = PBXResourcesBuildPhase;
			buildActionMask = 2147483647;
			files = (
			);
			runOnlyForDeploymentPostprocessing = 0;
		};
/* End PBXResourcesBuildPhase section */

/* Begin PBXSourcesBuildPhase section */
		22F5A608293D176900386E1E /* Sources */ = {
			isa = PBXSourcesBuildPhase;
			buildActionMask = 2147483647;
			files = (
				22F5A614293D176900386E1E /* ViewController.swift in Sources */,
				22F5A640293D17A600386E1E /* Calculator.swift in Sources */,
				22F5A610293D176900386E1E /* AppDelegate.swift in Sources */,
				22F5A612293D176900386E1E /* SceneDelegate.swift in Sources */,
			);
			runOnlyForDeploymentPostprocessing = 0;
		};
		22F5A61E293D176B00386E1E /* Sources */ = {
			isa = PBXSourcesBuildPhase;
			buildActionMask = 2147483647;
			files = (
				22F5A627293D176B00386E1E /* TestsFundamentalsTests.swift in Sources */,
			);
			runOnlyForDeploymentPostprocessing = 0;
		};
		22F5A628293D176B00386E1E /* Sources */ = {
			isa = PBXSourcesBuildPhase;
			buildActionMask = 2147483647;
			files = (
				22F5A633293D176B00386E1E /* TestsFundamentalsUITestsLaunchTests.swift in Sources */,
				22F5A631293D176B00386E1E /* TestsFundamentalsUITests.swift in Sources */,
			);
			runOnlyForDeploymentPostprocessing = 0;
		};
/* End PBXSourcesBuildPhase section */

/* Begin PBXTargetDependency section */
		22F5A624293D176B00386E1E /* PBXTargetDependency */ = {
			isa = PBXTargetDependency;
			target = 22F5A60B293D176900386E1E /* TestsFundamentals */;
			targetProxy = 22F5A623293D176B00386E1E /* PBXContainerItemProxy */;
		};
		22F5A62E293D176B00386E1E /* PBXTargetDependency */ = {
			isa = PBXTargetDependency;
			target = 22F5A60B293D176900386E1E /* TestsFundamentals */;
			targetProxy = 22F5A62D293D176B00386E1E /* PBXContainerItemProxy */;
		};
/* End PBXTargetDependency section */

/* Begin PBXVariantGroup section */
		22F5A615293D176900386E1E /* Main.storyboard */ = {
			isa = PBXVariantGroup;
			children = (
				22F5A616293D176900386E1E /* Base */,
			);
			name = Main.storyboard;
			sourceTree = "<group>";
		};
		22F5A61A293D176B00386E1E /* LaunchScreen.storyboard */ = {
			isa = PBXVariantGroup;
			children = (
				22F5A61B293D176B00386E1E /* Base */,
			);
			name = LaunchScreen.storyboard;
			sourceTree = "<group>";
		};
/* End PBXVariantGroup section */

/* Begin XCBuildConfiguration section */
		22F5A634293D176B00386E1E /* Debug */ = {
			isa = XCBuildConfiguration;
			buildSettings = {
				ALWAYS_SEARCH_USER_PATHS = NO;
				CLANG_ANALYZER_NONNULL = YES;
				CLANG_ANALYZER_NUMBER_OBJECT_CONVERSION = YES_AGGRESSIVE;
				CLANG_CXX_LANGUAGE_STANDARD = "gnu++20";
				CLANG_ENABLE_MODULES = YES;
				CLANG_ENABLE_OBJC_ARC = YES;
				CLANG_ENABLE_OBJC_WEAK = YES;
				CLANG_WARN_BLOCK_CAPTURE_AUTORELEASING = YES;
				CLANG_WARN_BOOL_CONVERSION = YES;
				CLANG_WARN_COMMA = YES;
				CLANG_WARN_CONSTANT_CONVERSION = YES;
				CLANG_WARN_DEPRECATED_OBJC_IMPLEMENTATIONS = YES;
				CLANG_WARN_DIRECT_OBJC_ISA_USAGE = YES_ERROR;
				CLANG_WARN_DOCUMENTATION_COMMENTS = YES;
				CLANG_WARN_EMPTY_BODY = YES;
				CLANG_WARN_ENUM_CONVERSION = YES;
				CLANG_WARN_INFINITE_RECURSION = YES;
				CLANG_WARN_INT_CONVERSION = YES;
				CLANG_WARN_NON_LITERAL_NULL_CONVERSION = YES;
				CLANG_WARN_OBJC_IMPLICIT_RETAIN_SELF = YES;
				CLANG_WARN_OBJC_LITERAL_CONVERSION = YES;
				CLANG_WARN_OBJC_ROOT_CLASS = YES_ERROR;
				CLANG_WARN_QUOTED_INCLUDE_IN_FRAMEWORK_HEADER = YES;
				CLANG_WARN_RANGE_LOOP_ANALYSIS = YES;
				CLANG_WARN_STRICT_PROTOTYPES = YES;
				CLANG_WARN_SUSPICIOUS_MOVE = YES;
				CLANG_WARN_UNGUARDED_AVAILABILITY = YES_AGGRESSIVE;
				CLANG_WARN_UNREACHABLE_CODE = YES;
				CLANG_WARN__DUPLICATE_METHOD_MATCH = YES;
				COPY_PHASE_STRIP = NO;
				DEBUG_INFORMATION_FORMAT = dwarf;
				ENABLE_STRICT_OBJC_MSGSEND = YES;
				ENABLE_TESTABILITY = YES;
				GCC_C_LANGUAGE_STANDARD = gnu11;
				GCC_DYNAMIC_NO_PIC = NO;
				GCC_NO_COMMON_BLOCKS = YES;
				GCC_OPTIMIZATION_LEVEL = 0;
				GCC_PREPROCESSOR_DEFINITIONS = (
					"DEBUG=1",
					"$(inherited)",
				);
				GCC_WARN_64_TO_32_BIT_CONVERSION = YES;
				GCC_WARN_ABOUT_RETURN_TYPE = YES_ERROR;
				GCC_WARN_UNDECLARED_SELECTOR = YES;
				GCC_WARN_UNINITIALIZED_AUTOS = YES_AGGRESSIVE;
				GCC_WARN_UNUSED_FUNCTION = YES;
				GCC_WARN_UNUSED_VARIABLE = YES;
				IPHONEOS_DEPLOYMENT_TARGET = 16.1;
				MTL_ENABLE_DEBUG_INFO = INCLUDE_SOURCE;
				MTL_FAST_MATH = YES;
				ONLY_ACTIVE_ARCH = YES;
				SDKROOT = iphoneos;
				SWIFT_ACTIVE_COMPILATION_CONDITIONS = DEBUG;
				SWIFT_OPTIMIZATION_LEVEL = "-Onone";
			};
			name = Debug;
		};
		22F5A635293D176B00386E1E /* Release */ = {
			isa = XCBuildConfiguration;
			buildSettings = {
				ALWAYS_SEARCH_USER_PATHS = NO;
				CLANG_ANALYZER_NONNULL = YES;
				CLANG_ANALYZER_NUMBER_OBJECT_CONVERSION = YES_AGGRESSIVE;
				CLANG_CXX_LANGUAGE_STANDARD = "gnu++20";
				CLANG_ENABLE_MODULES = YES;
				CLANG_ENABLE_OBJC_ARC = YES;
				CLANG_ENABLE_OBJC_WEAK = YES;
				CLANG_WARN_BLOCK_CAPTURE_AUTORELEASING = YES;
				CLANG_WARN_BOOL_CONVERSION = YES;
				CLANG_WARN_COMMA = YES;
				CLANG_WARN_CONSTANT_CONVERSION = YES;
				CLANG_WARN_DEPRECATED_OBJC_IMPLEMENTATIONS = YES;
				CLANG_WARN_DIRECT_OBJC_ISA_USAGE = YES_ERROR;
				CLANG_WARN_DOCUMENTATION_COMMENTS = YES;
				CLANG_WARN_EMPTY_BODY = YES;
				CLANG_WARN_ENUM_CONVERSION = YES;
				CLANG_WARN_INFINITE_RECURSION = YES;
				CLANG_WARN_INT_CONVERSION = YES;
				CLANG_WARN_NON_LITERAL_NULL_CONVERSION = YES;
				CLANG_WARN_OBJC_IMPLICIT_RETAIN_SELF = YES;
				CLANG_WARN_OBJC_LITERAL_CONVERSION = YES;
				CLANG_WARN_OBJC_ROOT_CLASS = YES_ERROR;
				CLANG_WARN_QUOTED_INCLUDE_IN_FRAMEWORK_HEADER = YES;
				CLANG_WARN_RANGE_LOOP_ANALYSIS = YES;
				CLANG_WARN_STRICT_PROTOTYPES = YES;
				CLANG_WARN_SUSPICIOUS_MOVE = YES;
				CLANG_WARN_UNGUARDED_AVAILABILITY = YES_AGGRESSIVE;
				CLANG_WARN_UNREACHABLE_CODE = YES;
				CLANG_WARN__DUPLICATE_METHOD_MATCH = YES;
				COPY_PHASE_STRIP = NO;
				DEBUG_INFORMATION_FORMAT = "dwarf-with-dsym";
				ENABLE_NS_ASSERTIONS = NO;
				ENABLE_STRICT_OBJC_MSGSEND = YES;
				GCC_C_LANGUAGE_STANDARD = gnu11;
				GCC_NO_COMMON_BLOCKS = YES;
				GCC_WARN_64_TO_32_BIT_CONVERSION = YES;
				GCC_WARN_ABOUT_RETURN_TYPE = YES_ERROR;
				GCC_WARN_UNDECLARED_SELECTOR = YES;
				GCC_WARN_UNINITIALIZED_AUTOS = YES_AGGRESSIVE;
				GCC_WARN_UNUSED_FUNCTION = YES;
				GCC_WARN_UNUSED_VARIABLE = YES;
				IPHONEOS_DEPLOYMENT_TARGET = 16.1;
				MTL_ENABLE_DEBUG_INFO = NO;
				MTL_FAST_MATH = YES;
				SDKROOT = iphoneos;
				SWIFT_COMPILATION_MODE = wholemodule;
				SWIFT_OPTIMIZATION_LEVEL = "-O";
				VALIDATE_PRODUCT = YES;
			};
			name = Release;
		};
		22F5A637293D176B00386E1E /* Debug */ = {
			isa = XCBuildConfiguration;
			buildSettings = {
				ASSETCATALOG_COMPILER_APPICON_NAME = AppIcon;
				ASSETCATALOG_COMPILER_GLOBAL_ACCENT_COLOR_NAME = AccentColor;
				CODE_SIGN_STYLE = Automatic;
				CURRENT_PROJECT_VERSION = 1;
				DEVELOPMENT_TEAM = 647MFA6TDC;
				GENERATE_INFOPLIST_FILE = YES;
				INFOPLIST_FILE = TestsFundamentals/Info.plist;
				INFOPLIST_KEY_UIApplicationSupportsIndirectInputEvents = YES;
				INFOPLIST_KEY_UILaunchStoryboardName = LaunchScreen;
				INFOPLIST_KEY_UIMainStoryboardFile = Main;
				INFOPLIST_KEY_UISupportedInterfaceOrientations_iPad = "UIInterfaceOrientationPortrait UIInterfaceOrientationPortraitUpsideDown UIInterfaceOrientationLandscapeLeft UIInterfaceOrientationLandscapeRight";
				INFOPLIST_KEY_UISupportedInterfaceOrientations_iPhone = "UIInterfaceOrientationPortrait UIInterfaceOrientationLandscapeLeft UIInterfaceOrientationLandscapeRight";
				LD_RUNPATH_SEARCH_PATHS = (
					"$(inherited)",
					"@executable_path/Frameworks",
				);
				MARKETING_VERSION = 1.0;
				PRODUCT_BUNDLE_IDENTIFIER = sevio.TestsFundamentals;
				PRODUCT_NAME = "$(TARGET_NAME)";
				SWIFT_EMIT_LOC_STRINGS = YES;
				SWIFT_VERSION = 5.0;
				TARGETED_DEVICE_FAMILY = "1,2";
			};
			name = Debug;
		};
		22F5A638293D176B00386E1E /* Release */ = {
			isa = XCBuildConfiguration;
			buildSettings = {
				ASSETCATALOG_COMPILER_APPICON_NAME = AppIcon;
				ASSETCATALOG_COMPILER_GLOBAL_ACCENT_COLOR_NAME = AccentColor;
				CODE_SIGN_STYLE = Automatic;
				CURRENT_PROJECT_VERSION = 1;
				DEVELOPMENT_TEAM = 647MFA6TDC;
				GENERATE_INFOPLIST_FILE = YES;
				INFOPLIST_FILE = TestsFundamentals/Info.plist;
				INFOPLIST_KEY_UIApplicationSupportsIndirectInputEvents = YES;
				INFOPLIST_KEY_UILaunchStoryboardName = LaunchScreen;
				INFOPLIST_KEY_UIMainStoryboardFile = Main;
				INFOPLIST_KEY_UISupportedInterfaceOrientations_iPad = "UIInterfaceOrientationPortrait UIInterfaceOrientationPortraitUpsideDown UIInterfaceOrientationLandscapeLeft UIInterfaceOrientationLandscapeRight";
				INFOPLIST_KEY_UISupportedInterfaceOrientations_iPhone = "UIInterfaceOrientationPortrait UIInterfaceOrientationLandscapeLeft UIInterfaceOrientationLandscapeRight";
				LD_RUNPATH_SEARCH_PATHS = (
					"$(inherited)",
					"@executable_path/Frameworks",
				);
				MARKETING_VERSION = 1.0;
				PRODUCT_BUNDLE_IDENTIFIER = sevio.TestsFundamentals;
				PRODUCT_NAME = "$(TARGET_NAME)";
				SWIFT_EMIT_LOC_STRINGS = YES;
				SWIFT_VERSION = 5.0;
				TARGETED_DEVICE_FAMILY = "1,2";
			};
			name = Release;
		};
		22F5A63A293D176B00386E1E /* Debug */ = {
			isa = XCBuildConfiguration;
			buildSettings = {
				ALWAYS_EMBED_SWIFT_STANDARD_LIBRARIES = YES;
				BUNDLE_LOADER = "$(TEST_HOST)";
				CODE_SIGN_STYLE = Automatic;
				CURRENT_PROJECT_VERSION = 1;
				DEVELOPMENT_TEAM = 647MFA6TDC;
				GENERATE_INFOPLIST_FILE = YES;
				IPHONEOS_DEPLOYMENT_TARGET = 16.1;
				MARKETING_VERSION = 1.0;
				PRODUCT_BUNDLE_IDENTIFIER = sevio.TestsFundamentalsTests;
				PRODUCT_NAME = "$(TARGET_NAME)";
				SWIFT_EMIT_LOC_STRINGS = NO;
				SWIFT_VERSION = 5.0;
				TARGETED_DEVICE_FAMILY = "1,2";
				TEST_HOST = "$(BUILT_PRODUCTS_DIR)/TestsFundamentals.app/$(BUNDLE_EXECUTABLE_FOLDER_PATH)/TestsFundamentals";
			};
			name = Debug;
		};
		22F5A63B293D176B00386E1E /* Release */ = {
			isa = XCBuildConfiguration;
			buildSettings = {
				ALWAYS_EMBED_SWIFT_STANDARD_LIBRARIES = YES;
				BUNDLE_LOADER = "$(TEST_HOST)";
				CODE_SIGN_STYLE = Automatic;
				CURRENT_PROJECT_VERSION = 1;
				DEVELOPMENT_TEAM = 647MFA6TDC;
				GENERATE_INFOPLIST_FILE = YES;
				IPHONEOS_DEPLOYMENT_TARGET = 16.1;
				MARKETING_VERSION = 1.0;
				PRODUCT_BUNDLE_IDENTIFIER = sevio.TestsFundamentalsTests;
				PRODUCT_NAME = "$(TARGET_NAME)";
				SWIFT_EMIT_LOC_STRINGS = NO;
				SWIFT_VERSION = 5.0;
				TARGETED_DEVICE_FAMILY = "1,2";
				TEST_HOST = "$(BUILT_PRODUCTS_DIR)/TestsFundamentals.app/$(BUNDLE_EXECUTABLE_FOLDER_PATH)/TestsFundamentals";
			};
			name = Release;
		};
		22F5A63D293D176B00386E1E /* Debug */ = {
			isa = XCBuildConfiguration;
			buildSettings = {
				ALWAYS_EMBED_SWIFT_STANDARD_LIBRARIES = YES;
				CODE_SIGN_STYLE = Automatic;
				CURRENT_PROJECT_VERSION = 1;
				DEVELOPMENT_TEAM = 647MFA6TDC;
				GENERATE_INFOPLIST_FILE = YES;
				MARKETING_VERSION = 1.0;
				PRODUCT_BUNDLE_IDENTIFIER = sevio.TestsFundamentalsUITests;
				PRODUCT_NAME = "$(TARGET_NAME)";
				SWIFT_EMIT_LOC_STRINGS = NO;
				SWIFT_VERSION = 5.0;
				TARGETED_DEVICE_FAMILY = "1,2";
				TEST_TARGET_NAME = TestsFundamentals;
			};
			name = Debug;
		};
		22F5A63E293D176B00386E1E /* Release */ = {
			isa = XCBuildConfiguration;
			buildSettings = {
				ALWAYS_EMBED_SWIFT_STANDARD_LIBRARIES = YES;
				CODE_SIGN_STYLE = Automatic;
				CURRENT_PROJECT_VERSION = 1;
				DEVELOPMENT_TEAM = 647MFA6TDC;
				GENERATE_INFOPLIST_FILE = YES;
				MARKETING_VERSION = 1.0;
				PRODUCT_BUNDLE_IDENTIFIER = sevio.TestsFundamentalsUITests;
				PRODUCT_NAME = "$(TARGET_NAME)";
				SWIFT_EMIT_LOC_STRINGS = NO;
				SWIFT_VERSION = 5.0;
				TARGETED_DEVICE_FAMILY = "1,2";
				TEST_TARGET_NAME = TestsFundamentals;
			};
			name = Release;
		};
/* End XCBuildConfiguration section */

/* Begin XCConfigurationList section */
		22F5A607293D176900386E1E /* Build configuration list for PBXProject "TestsFundamentals" */ = {
			isa = XCConfigurationList;
			buildConfigurations = (
				22F5A634293D176B00386E1E /* Debug */,
				22F5A635293D176B00386E1E /* Release */,
			);
			defaultConfigurationIsVisible = 0;
			defaultConfigurationName = Release;
		};
		22F5A636293D176B00386E1E /* Build configuration list for PBXNativeTarget "TestsFundamentals" */ = {
			isa = XCConfigurationList;
			buildConfigurations = (
				22F5A637293D176B00386E1E /* Debug */,
				22F5A638293D176B00386E1E /* Release */,
			);
			defaultConfigurationIsVisible = 0;
			defaultConfigurationName = Release;
		};
		22F5A639293D176B00386E1E /* Build configuration list for PBXNativeTarget "TestsFundamentalsTests" */ = {
			isa = XCConfigurationList;
			buildConfigurations = (
				22F5A63A293D176B00386E1E /* Debug */,
				22F5A63B293D176B00386E1E /* Release */,
			);
			defaultConfigurationIsVisible = 0;
			defaultConfigurationName = Release;
		};
		22F5A63C293D176B00386E1E /* Build configuration list for PBXNativeTarget "TestsFundamentalsUITests" */ = {
			isa = XCConfigurationList;
			buildConfigurations = (
				22F5A63D293D176B00386E1E /* Debug */,
				22F5A63E293D176B00386E1E /* Release */,
			);
			defaultConfigurationIsVisible = 0;
			defaultConfigurationName = Release;
		};
/* End XCConfigurationList section */
	};
	rootObject = 22F5A604293D176900386E1E /* Project object */;
}
